# This file is automatically @generated by Cargo.
# It is not intended for manual editing.
version = 3

[[package]]
name = "capitalize"
version = "0.1.0"
source = "registry+https://github.com/rust-lang/crates.io-index"
checksum = "702cfe2f052c6542d55a9924efef63dd315c168cc4f315a824fb0f47da4e11c8"

[[package]]
name = "day_15"
version = "0.1.0"
dependencies = [
 "capitalize",
]
